// !$*UTF8*$!
{
	archiveVersion = 1;
	classes = {
	};
	objectVersion = 46;
	objects = {

/* Begin PBXBuildFile section */
		B410A93318F93A3E0033C154 /* Foundation.framework in Frameworks */ = {isa = PBXBuildFile; fileRef = B410A93218F93A3E0033C154 /* Foundation.framework */; };
		B410A93518F93A3E0033C154 /* CoreGraphics.framework in Frameworks */ = {isa = PBXBuildFile; fileRef = B410A93418F93A3E0033C154 /* CoreGraphics.framework */; };
		B410A93718F93A3E0033C154 /* UIKit.framework in Frameworks */ = {isa = PBXBuildFile; fileRef = B410A93618F93A3E0033C154 /* UIKit.framework */; };
		B410A93D18F93A3E0033C154 /* InfoPlist.strings in Resources */ = {isa = PBXBuildFile; fileRef = B410A93B18F93A3E0033C154 /* InfoPlist.strings */; };
		B410A93F18F93A3E0033C154 /* main.m in Sources */ = {isa = PBXBuildFile; fileRef = B410A93E18F93A3E0033C154 /* main.m */; };
		B410A94318F93A3E0033C154 /* AppDelegate.m in Sources */ = {isa = PBXBuildFile; fileRef = B410A94218F93A3E0033C154 /* AppDelegate.m */; };
		B410A94618F93A3E0033C154 /* Main.storyboard in Resources */ = {isa = PBXBuildFile; fileRef = B410A94418F93A3E0033C154 /* Main.storyboard */; };
		B410A94918F93A3E0033C154 /* ViewController.m in Sources */ = {isa = PBXBuildFile; fileRef = B410A94818F93A3E0033C154 /* ViewController.m */; };
		B410A94B18F93A3E0033C154 /* Images.xcassets in Resources */ = {isa = PBXBuildFile; fileRef = B410A94A18F93A3E0033C154 /* Images.xcassets */; };
		B410A95218F93A3E0033C154 /* XCTest.framework in Frameworks */ = {isa = PBXBuildFile; fileRef = B410A95118F93A3E0033C154 /* XCTest.framework */; };
		B410A95318F93A3F0033C154 /* Foundation.framework in Frameworks */ = {isa = PBXBuildFile; fileRef = B410A93218F93A3E0033C154 /* Foundation.framework */; };
		B410A95418F93A3F0033C154 /* UIKit.framework in Frameworks */ = {isa = PBXBuildFile; fileRef = B410A93618F93A3E0033C154 /* UIKit.framework */; };
		B410A95C18F93A3F0033C154 /* InfoPlist.strings in Resources */ = {isa = PBXBuildFile; fileRef = B410A95A18F93A3F0033C154 /* InfoPlist.strings */; };
		B410A95E18F93A3F0033C154 /* Test_CategoryTests.m in Sources */ = {isa = PBXBuildFile; fileRef = B410A95D18F93A3F0033C154 /* Test_CategoryTests.m */; };
		B410A96918F93A870033C154 /* NSString+RemoveNums.m in Sources */ = {isa = PBXBuildFile; fileRef = B410A96818F93A870033C154 /* NSString+RemoveNums.m */; };
/* End PBXBuildFile section */

/* Begin PBXContainerItemProxy section */
		B410A95518F93A3F0033C154 /* PBXContainerItemProxy */ = {
			isa = PBXContainerItemProxy;
			containerPortal = B410A92718F93A3E0033C154 /* Project object */;
			proxyType = 1;
			remoteGlobalIDString = B410A92E18F93A3E0033C154;
			remoteInfo = "Test Category";
		};
/* End PBXContainerItemProxy section */

/* Begin PBXFileReference section */
		B410A92F18F93A3E0033C154 /* Test Category.app */ = {isa = PBXFileReference; explicitFileType = wrapper.application; includeInIndex = 0; path = "Test Category.app"; sourceTree = BUILT_PRODUCTS_DIR; };
		B410A93218F93A3E0033C154 /* Foundation.framework */ = {isa = PBXFileReference; lastKnownFileType = wrapper.framework; name = Foundation.framework; path = System/Library/Frameworks/Foundation.framework; sourceTree = SDKROOT; };
		B410A93418F93A3E0033C154 /* CoreGraphics.framework */ = {isa = PBXFileReference; lastKnownFileType = wrapper.framework; name = CoreGraphics.framework; path = System/Library/Frameworks/CoreGraphics.framework; sourceTree = SDKROOT; };
		B410A93618F93A3E0033C154 /* UIKit.framework */ = {isa = PBXFileReference; lastKnownFileType = wrapper.framework; name = UIKit.framework; path = System/Library/Frameworks/UIKit.framework; sourceTree = SDKROOT; };
		B410A93A18F93A3E0033C154 /* Test Category-Info.plist */ = {isa = PBXFileReference; lastKnownFileType = text.plist.xml; path = "Test Category-Info.plist"; sourceTree = "<group>"; };
		B410A93C18F93A3E0033C154 /* en */ = {isa = PBXFileReference; lastKnownFileType = text.plist.strings; name = en; path = en.lproj/InfoPlist.strings; sourceTree = "<group>"; };
		B410A93E18F93A3E0033C154 /* main.m */ = {isa = PBXFileReference; lastKnownFileType = sourcecode.c.objc; path = main.m; sourceTree = "<group>"; };
		B410A94018F93A3E0033C154 /* Test Category-Prefix.pch */ = {isa = PBXFileReference; lastKnownFileType = sourcecode.c.h; path = "Test Category-Prefix.pch"; sourceTree = "<group>"; };
		B410A94118F93A3E0033C154 /* AppDelegate.h */ = {isa = PBXFileReference; lastKnownFileType = sourcecode.c.h; path = AppDelegate.h; sourceTree = "<group>"; };
		B410A94218F93A3E0033C154 /* AppDelegate.m */ = {isa = PBXFileReference; lastKnownFileType = sourcecode.c.objc; path = AppDelegate.m; sourceTree = "<group>"; };
		B410A94518F93A3E0033C154 /* Base */ = {isa = PBXFileReference; lastKnownFileType = file.storyboard; name = Base; path = Base.lproj/Main.storyboard; sourceTree = "<group>"; };
		B410A94718F93A3E0033C154 /* ViewController.h */ = {isa = PBXFileReference; lastKnownFileType = sourcecode.c.h; path = ViewController.h; sourceTree = "<group>"; };
		B410A94818F93A3E0033C154 /* ViewController.m */ = {isa = PBXFileReference; lastKnownFileType = sourcecode.c.objc; path = ViewController.m; sourceTree = "<group>"; };
		B410A94A18F93A3E0033C154 /* Images.xcassets */ = {isa = PBXFileReference; lastKnownFileType = folder.assetcatalog; path = Images.xcassets; sourceTree = "<group>"; };
		B410A95018F93A3E0033C154 /* Test CategoryTests.xctest */ = {isa = PBXFileReference; explicitFileType = wrapper.cfbundle; includeInIndex = 0; path = "Test CategoryTests.xctest"; sourceTree = BUILT_PRODUCTS_DIR; };
		B410A95118F93A3E0033C154 /* XCTest.framework */ = {isa = PBXFileReference; lastKnownFileType = wrapper.framework; name = XCTest.framework; path = Library/Frameworks/XCTest.framework; sourceTree = DEVELOPER_DIR; };
		B410A95918F93A3F0033C154 /* Test CategoryTests-Info.plist */ = {isa = PBXFileReference; lastKnownFileType = text.plist.xml; path = "Test CategoryTests-Info.plist"; sourceTree = "<group>"; };
		B410A95B18F93A3F0033C154 /* en */ = {isa = PBXFileReference; lastKnownFileType = text.plist.strings; name = en; path = en.lproj/InfoPlist.strings; sourceTree = "<group>"; };
		B410A95D18F93A3F0033C154 /* Test_CategoryTests.m */ = {isa = PBXFileReference; lastKnownFileType = sourcecode.c.objc; path = Test_CategoryTests.m; sourceTree = "<group>"; };
		B410A96718F93A870033C154 /* NSString+RemoveNums.h */ = {isa = PBXFileReference; fileEncoding = 4; lastKnownFileType = sourcecode.c.h; path = "NSString+RemoveNums.h"; sourceTree = "<group>"; };
		B410A96818F93A870033C154 /* NSString+RemoveNums.m */ = {isa = PBXFileReference; fileEncoding = 4; lastKnownFileType = sourcecode.c.objc; path = "NSString+RemoveNums.m"; sourceTree = "<group>"; };
/* End PBXFileReference section */

/* Begin PBXFrameworksBuildPhase section */
		B410A92C18F93A3E0033C154 /* Frameworks */ = {
			isa = PBXFrameworksBuildPhase;
			buildActionMask = 2147483647;
			files = (
				B410A93518F93A3E0033C154 /* CoreGraphics.framework in Frameworks */,
				B410A93718F93A3E0033C154 /* UIKit.framework in Frameworks */,
				B410A93318F93A3E0033C154 /* Foundation.framework in Frameworks */,
			);
			runOnlyForDeploymentPostprocessing = 0;
		};
		B410A94D18F93A3E0033C154 /* Frameworks */ = {
			isa = PBXFrameworksBuildPhase;
			buildActionMask = 2147483647;
			files = (
				B410A95218F93A3E0033C154 /* XCTest.framework in Frameworks */,
				B410A95418F93A3F0033C154 /* UIKit.framework in Frameworks */,
				B410A95318F93A3F0033C154 /* Foundation.framework in Frameworks */,
			);
			runOnlyForDeploymentPostprocessing = 0;
		};
/* End PBXFrameworksBuildPhase section */

/* Begin PBXGroup section */
		B410A92618F93A3E0033C154 = {
			isa = PBXGroup;
			children = (
				B410A96718F93A870033C154 /* NSString+RemoveNums.h */,
				B410A96818F93A870033C154 /* NSString+RemoveNums.m */,
				B410A93818F93A3E0033C154 /* Test Category */,
				B410A95718F93A3F0033C154 /* Test CategoryTests */,
				B410A93118F93A3E0033C154 /* Frameworks */,
				B410A93018F93A3E0033C154 /* Products */,
			);
			sourceTree = "<group>";
		};
		B410A93018F93A3E0033C154 /* Products */ = {
			isa = PBXGroup;
			children = (
				B410A92F18F93A3E0033C154 /* Test Category.app */,
				B410A95018F93A3E0033C154 /* Test CategoryTests.xctest */,
			);
			name = Products;
			sourceTree = "<group>";
		};
		B410A93118F93A3E0033C154 /* Frameworks */ = {
			isa = PBXGroup;
			children = (
				B410A93218F93A3E0033C154 /* Foundation.framework */,
				B410A93418F93A3E0033C154 /* CoreGraphics.framework */,
				B410A93618F93A3E0033C154 /* UIKit.framework */,
				B410A95118F93A3E0033C154 /* XCTest.framework */,
			);
			name = Frameworks;
			sourceTree = "<group>";
		};
		B410A93818F93A3E0033C154 /* Test Category */ = {
			isa = PBXGroup;
			children = (
				B410A94118F93A3E0033C154 /* AppDelegate.h */,
				B410A94218F93A3E0033C154 /* AppDelegate.m */,
				B410A94418F93A3E0033C154 /* Main.storyboard */,
				B410A94718F93A3E0033C154 /* ViewController.h */,
				B410A94818F93A3E0033C154 /* ViewController.m */,
				B410A94A18F93A3E0033C154 /* Images.xcassets */,
				B410A93918F93A3E0033C154 /* Supporting Files */,
			);
			path = "Test Category";
			sourceTree = "<group>";
		};
		B410A93918F93A3E0033C154 /* Supporting Files */ = {
			isa = PBXGroup;
			children = (
				B410A93A18F93A3E0033C154 /* Test Category-Info.plist */,
				B410A93B18F93A3E0033C154 /* InfoPlist.strings */,
				B410A93E18F93A3E0033C154 /* main.m */,
				B410A94018F93A3E0033C154 /* Test Category-Prefix.pch */,
			);
			name = "Supporting Files";
			sourceTree = "<group>";
		};
		B410A95718F93A3F0033C154 /* Test CategoryTests */ = {
			isa = PBXGroup;
			children = (
				B410A95D18F93A3F0033C154 /* Test_CategoryTests.m */,
				B410A95818F93A3F0033C154 /* Supporting Files */,
			);
			path = "Test CategoryTests";
			sourceTree = "<group>";
		};
		B410A95818F93A3F0033C154 /* Supporting Files */ = {
			isa = PBXGroup;
			children = (
				B410A95918F93A3F0033C154 /* Test CategoryTests-Info.plist */,
				B410A95A18F93A3F0033C154 /* InfoPlist.strings */,
			);
			name = "Supporting Files";
			sourceTree = "<group>";
		};
/* End PBXGroup section */

/* Begin PBXNativeTarget section */
		B410A92E18F93A3E0033C154 /* Test Category */ = {
			isa = PBXNativeTarget;
			buildConfigurationList = B410A96118F93A3F0033C154 /* Build configuration list for PBXNativeTarget "Test Category" */;
			buildPhases = (
				B410A92B18F93A3E0033C154 /* Sources */,
				B410A92C18F93A3E0033C154 /* Frameworks */,
				B410A92D18F93A3E0033C154 /* Resources */,
			);
			buildRules = (
			);
			dependencies = (
			);
			name = "Test Category";
			productName = "Test Category";
			productReference = B410A92F18F93A3E0033C154 /* Test Category.app */;
			productType = "com.apple.product-type.application";
		};
		B410A94F18F93A3E0033C154 /* Test CategoryTests */ = {
			isa = PBXNativeTarget;
			buildConfigurationList = B410A96418F93A3F0033C154 /* Build configuration list for PBXNativeTarget "Test CategoryTests" */;
			buildPhases = (
				B410A94C18F93A3E0033C154 /* Sources */,
				B410A94D18F93A3E0033C154 /* Frameworks */,
				B410A94E18F93A3E0033C154 /* Resources */,
			);
			buildRules = (
			);
			dependencies = (
				B410A95618F93A3F0033C154 /* PBXTargetDependency */,
			);
			name = "Test CategoryTests";
			productName = "Test CategoryTests";
			productReference = B410A95018F93A3E0033C154 /* Test CategoryTests.xctest */;
			productType = "com.apple.product-type.bundle.unit-test";
		};
/* End PBXNativeTarget section */

/* Begin PBXProject section */
		B410A92718F93A3E0033C154 /* Project object */ = {
			isa = PBXProject;
			attributes = {
				LastUpgradeCheck = 0500;
				ORGANIZATIONNAME = Lion;
				TargetAttributes = {
					B410A94F18F93A3E0033C154 = {
						TestTargetID = B410A92E18F93A3E0033C154;
					};
				};
			};
			buildConfigurationList = B410A92A18F93A3E0033C154 /* Build configuration list for PBXProject "Test Category" */;
			compatibilityVersion = "Xcode 3.2";
			developmentRegion = English;
			hasScannedForEncodings = 0;
			knownRegions = (
				en,
				Base,
			);
			mainGroup = B410A92618F93A3E0033C154;
			productRefGroup = B410A93018F93A3E0033C154 /* Products */;
			projectDirPath = "";
			projectRoot = "";
			targets = (
				B410A92E18F93A3E0033C154 /* Test Category */,
				B410A94F18F93A3E0033C154 /* Test CategoryTests */,
			);
		};
/* End PBXProject section */

/* Begin PBXResourcesBuildPhase section */
		B410A92D18F93A3E0033C154 /* Resources */ = {
			isa = PBXResourcesBuildPhase;
			buildActionMask = 2147483647;
			files = (
				B410A94B18F93A3E0033C154 /* Images.xcassets in Resources */,
				B410A93D18F93A3E0033C154 /* InfoPlist.strings in Resources */,
				B410A94618F93A3E0033C154 /* Main.storyboard in Resources */,
			);
			runOnlyForDeploymentPostprocessing = 0;
		};
		B410A94E18F93A3E0033C154 /* Resources */ = {
			isa = PBXResourcesBuildPhase;
			buildActionMask = 2147483647;
			files = (
				B410A95C18F93A3F0033C154 /* InfoPlist.strings in Resources */,
			);
			runOnlyForDeploymentPostprocessing = 0;
		};
/* End PBXResourcesBuildPhase section */

/* Begin PBXSourcesBuildPhase section */
		B410A92B18F93A3E0033C154 /* Sources */ = {
			isa = PBXSourcesBuildPhase;
			buildActionMask = 2147483647;
			files = (
				B410A96918F93A870033C154 /* NSString+RemoveNums.m in Sources */,
				B410A94918F93A3E0033C154 /* ViewController.m in Sources */,
				B410A94318F93A3E0033C154 /* AppDelegate.m in Sources */,
				B410A93F18F93A3E0033C154 /* main.m in Sources */,
			);
			runOnlyForDeploymentPostprocessing = 0;
		};
		B410A94C18F93A3E0033C154 /* Sources */ = {
			isa = PBXSourcesBuildPhase;
			buildActionMask = 2147483647;
			files = (
				B410A95E18F93A3F0033C154 /* Test_CategoryTests.m in Sources */,
			);
			runOnlyForDeploymentPostprocessing = 0;
		};
/* End PBXSourcesBuildPhase section */

/* Begin PBXTargetDependency section */
		B410A95618F93A3F0033C154 /* PBXTargetDependency */ = {
			isa = PBXTargetDependency;
			target = B410A92E18F93A3E0033C154 /* Test Category */;
			targetProxy = B410A95518F93A3F0033C154 /* PBXContainerItemProxy */;
		};
/* End PBXTargetDependency section */

/* Begin PBXVariantGroup section */
		B410A93B18F93A3E0033C154 /* InfoPlist.strings */ = {
			isa = PBXVariantGroup;
			children = (
				B410A93C18F93A3E0033C154 /* en */,
			);
			name = InfoPlist.strings;
			sourceTree = "<group>";
		};
		B410A94418F93A3E0033C154 /* Main.storyboard */ = {
			isa = PBXVariantGroup;
			children = (
				B410A94518F93A3E0033C154 /* Base */,
			);
			name = Main.storyboard;
			sourceTree = "<group>";
		};
		B410A95A18F93A3F0033C154 /* InfoPlist.strings */ = {
			isa = PBXVariantGroup;
			children = (
				B410A95B18F93A3F0033C154 /* en */,
			);
			name = InfoPlist.strings;
			sourceTree = "<group>";
		};
/* End PBXVariantGroup section */

/* Begin XCBuildConfiguration section */
		B410A95F18F93A3F0033C154 /* Debug */ = {
			isa = XCBuildConfiguration;
			buildSettings = {
				ALWAYS_SEARCH_USER_PATHS = NO;
				ARCHS = "$(ARCHS_STANDARD_INCLUDING_64_BIT)";
				CLANG_CXX_LANGUAGE_STANDARD = "gnu++0x";
				CLANG_CXX_LIBRARY = "libc++";
				CLANG_ENABLE_MODULES = YES;
				CLANG_ENABLE_OBJC_ARC = YES;
				CLANG_WARN_BOOL_CONVERSION = YES;
				CLANG_WARN_CONSTANT_CONVERSION = YES;
				CLANG_WARN_DIRECT_OBJC_ISA_USAGE = YES_ERROR;
				CLANG_WARN_EMPTY_BODY = YES;
				CLANG_WARN_ENUM_CONVERSION = YES;
				CLANG_WARN_INT_CONVERSION = YES;
				CLANG_WARN_OBJC_ROOT_CLASS = YES_ERROR;
				CLANG_WARN__DUPLICATE_METHOD_MATCH = YES;
				"CODE_SIGN_IDENTITY[sdk=iphoneos*]" = "iPhone Developer";
				COPY_PHASE_STRIP = NO;
				GCC_C_LANGUAGE_STANDARD = gnu99;
				GCC_DYNAMIC_NO_PIC = NO;
				GCC_OPTIMIZATION_LEVEL = 0;
				GCC_PREPROCESSOR_DEFINITIONS = (
					"DEBUG=1",
					"$(inherited)",
				);
				GCC_SYMBOLS_PRIVATE_EXTERN = NO;
				GCC_WARN_64_TO_32_BIT_CONVERSION = YES;
				GCC_WARN_ABOUT_RETURN_TYPE = YES_ERROR;
				GCC_WARN_UNDECLARED_SELECTOR = YES;
				GCC_WARN_UNINITIALIZED_AUTOS = YES;
				GCC_WARN_UNUSED_FUNCTION = YES;
				GCC_WARN_UNUSED_VARIABLE = YES;
				IPHONEOS_DEPLOYMENT_TARGET = 7.0;
				ONLY_ACTIVE_ARCH = YES;
				SDKROOT = iphoneos;
				TARGETED_DEVICE_FAMILY = 2;
			};
			name = Debug;
		};
		B410A96018F93A3F0033C154 /* Release */ = {
			isa = XCBuildConfiguration;
			buildSettings = {
				ALWAYS_SEARCH_USER_PATHS = NO;
				ARCHS = "$(ARCHS_STANDARD_INCLUDING_64_BIT)";
				CLANG_CXX_LANGUAGE_STANDARD = "gnu++0x";
				CLANG_CXX_LIBRARY = "libc++";
				CLANG_ENABLE_MODULES = YES;
				CLANG_ENABLE_OBJC_ARC = YES;
				CLANG_WARN_BOOL_CONVERSION = YES;
				CLANG_WARN_CONSTANT_CONVERSION = YES;
				CLANG_WARN_DIRECT_OBJC_ISA_USAGE = YES_ERROR;
				CLANG_WARN_EMPTY_BODY = YES;
				CLANG_WARN_ENUM_CONVERSION = YES;
				CLANG_WARN_INT_CONVERSION = YES;
				CLANG_WARN_OBJC_ROOT_CLASS = YES_ERROR;
				CLANG_WARN__DUPLICATE_METHOD_MATCH = YES;
				"CODE_SIGN_IDENTITY[sdk=iphoneos*]" = "iPhone Developer";
				COPY_PHASE_STRIP = YES;
				ENABLE_NS_ASSERTIONS = NO;
				GCC_C_LANGUAGE_STANDARD = gnu99;
				GCC_WARN_64_TO_32_BIT_CONVERSION = YES;
				GCC_WARN_ABOUT_RETURN_TYPE = YES_ERROR;
				GCC_WARN_UNDECLARED_SELECTOR = YES;
				GCC_WARN_UNINITIALIZED_AUTOS = YES;
				GCC_WARN_UNUSED_FUNCTION = YES;
				GCC_WARN_UNUSED_VARIABLE = YES;
				IPHONEOS_DEPLOYMENT_TARGET = 7.0;
				SDKROOT = iphoneos;
				TARGETED_DEVICE_FAMILY = 2;
				VALIDATE_PRODUCT = YES;
			};
			name = Release;
		};
		B410A96218F93A3F0033C154 /* Debug */ = {
			isa = XCBuildConfiguration;
			buildSettings = {
				ASSETCATALOG_COMPILER_APPICON_NAME = AppIcon;
				ASSETCATALOG_COMPILER_LAUNCHIMAGE_NAME = LaunchImage;
				GCC_PRECOMPILE_PREFIX_HEADER = YES;
				GCC_PREFIX_HEADER = "Test Category/Test Category-Prefix.pch";
				INFOPLIST_FILE = "Test Category/Test Category-Info.plist";
				PRODUCT_NAME = "$(TARGET_NAME)";
				WRAPPER_EXTENSION = app;
			};
			name = Debug;
		};
		B410A96318F93A3F0033C154 /* Release */ = {
			isa = XCBuildConfiguration;
			buildSettings = {
				ASSETCATALOG_COMPILER_APPICON_NAME = AppIcon;
				ASSETCATALOG_COMPILER_LAUNCHIMAGE_NAME = LaunchImage;
				GCC_PRECOMPILE_PREFIX_HEADER = YES;
				GCC_PREFIX_HEADER = "Test Category/Test Category-Prefix.pch";
				INFOPLIST_FILE = "Test Category/Test Category-Info.plist";
				PRODUCT_NAME = "$(TARGET_NAME)";
				WRAPPER_EXTENSION = app;
			};
			name = Release;
		};
		B410A96518F93A3F0033C154 /* Debug */ = {
			isa = XCBuildConfiguration;
			buildSettings = {
				ARCHS = "$(ARCHS_STANDARD_INCLUDING_64_BIT)";
				BUNDLE_LOADER = "$(BUILT_PRODUCTS_DIR)/Test Category.app/Test Category";
				FRAMEWORK_SEARCH_PATHS = (
					"$(SDKROOT)/Developer/Library/Frameworks",
					"$(inherited)",
					"$(DEVELOPER_FRAMEWORKS_DIR)",
				);
				GCC_PRECOMPILE_PREFIX_HEADER = YES;
				GCC_PREFIX_HEADER = "Test Category/Test Category-Prefix.pch";
				GCC_PREPROCESSOR_DEFINITIONS = (
					"DEBUG=1",
					"$(inherited)",
				);
				INFOPLIST_FILE = "Test CategoryTests/Test CategoryTests-Info.plist";
				PRODUCT_NAME = "$(TARGET_NAME)";
				TEST_HOST = "$(BUNDLE_LOADER)";
				WRAPPER_EXTENSION = xctest;
			};
			name = Debug;
		};
		B410A96618F93A3F0033C154 /* Release */ = {
			isa = XCBuildConfiguration;
			buildSettings = {
				ARCHS = "$(ARCHS_STANDARD_INCLUDING_64_BIT)";
				BUNDLE_LOADER = "$(BUILT_PRODUCTS_DIR)/Test Category.app/Test Category";
				FRAMEWORK_SEARCH_PATHS = (
					"$(SDKROOT)/Developer/Library/Frameworks",
					"$(inherited)",
					"$(DEVELOPER_FRAMEWORKS_DIR)",
				);
				GCC_PRECOMPILE_PREFIX_HEADER = YES;
				GCC_PREFIX_HEADER = "Test Category/Test Category-Prefix.pch";
				INFOPLIST_FILE = "Test CategoryTests/Test CategoryTests-Info.plist";
				PRODUCT_NAME = "$(TARGET_NAME)";
				TEST_HOST = "$(BUNDLE_LOADER)";
				WRAPPER_EXTENSION = xctest;
			};
			name = Release;
		};
/* End XCBuildConfiguration section */

/* Begin XCConfigurationList section */
		B410A92A18F93A3E0033C154 /* Build configuration list for PBXProject "Test Category" */ = {
			isa = XCConfigurationList;
			buildConfigurations = (
				B410A95F18F93A3F0033C154 /* Debug */,
				B410A96018F93A3F0033C154 /* Release */,
			);
			defaultConfigurationIsVisible = 0;
			defaultConfigurationName = Release;
		};
		B410A96118F93A3F0033C154 /* Build configuration list for PBXNativeTarget "Test Category" */ = {
			isa = XCConfigurationList;
			buildConfigurations = (
				B410A96218F93A3F0033C154 /* Debug */,
				B410A96318F93A3F0033C154 /* Release */,
			);
			defaultConfigurationIsVisible = 0;
		};
		B410A96418F93A3F0033C154 /* Build configuration list for PBXNativeTarget "Test CategoryTests" */ = {
			isa = XCConfigurationList;
			buildConfigurations = (
				B410A96518F93A3F0033C154 /* Debug */,
				B410A96618F93A3F0033C154 /* Release */,
			);
			defaultConfigurationIsVisible = 0;
		};
/* End XCConfigurationList section */
	};
	rootObject = B410A92718F93A3E0033C154 /* Project object */;
}
